
Microsoft Visual Studio Solution File, Format Version 12.00
# Visual Studio Version 16
VisualStudioVersion = 16.0.31515.178
MinimumVisualStudioVersion = 10.0.40219.1
Project("{2150E333-8FDC-42A3-9474-1A3956D46DE8}") = "src", "src", "{E7D98109-4575-4469-B546-F942E5E798C3}"
EndProject
Project("{2150E333-8FDC-42A3-9474-1A3956D46DE8}") = "Building Blocks", "Building Blocks", "{FDADE814-C6B9-49A8-AB5C-E5EDD5A14A5E}"
EndProject
Project("{2150E333-8FDC-42A3-9474-1A3956D46DE8}") = "Services", "Services", "{7619496C-D63A-4277-B3B8-CE30E6419988}"
EndProject
Project("{2150E333-8FDC-42A3-9474-1A3956D46DE8}") = "Web", "Web", "{1243FF0B-CBA0-4C65-91C1-91B69BEC7084}"
EndProject
Project("{2150E333-8FDC-42A3-9474-1A3956D46DE8}") = "Identidade", "Identidade", "{47E76F83-C3D1-48E6-8773-84C5C1BE9A94}"
EndProject
Project("{9A19103F-16F7-4668-BE54-9A1E7A4F7556}") = "NSE.Identidade.API", "src\services\NSE.Identidade.API\NSE.Identidade.API.csproj", "{190511C2-7EF2-485E-89B6-BC06387F8732}"
EndProject
Project("{2150E333-8FDC-42A3-9474-1A3956D46DE8}") = "MVC", "MVC", "{4290793B-4284-4E42-8E31-E2CA6AF5EC13}"
EndProject
Project("{9A19103F-16F7-4668-BE54-9A1E7A4F7556}") = "NSE.WebApp.MVC", "src\web\NSE.WebApp.MVC\NSE.WebApp.MVC.csproj", "{1DBFE9D4-449D-4D1E-9301-96D2AD9380D2}"
EndProject
Project("{2150E333-8FDC-42A3-9474-1A3956D46DE8}") = "Core", "Core", "{1E6177EB-8638-4C4E-B264-914F5B4D8EA3}"
EndProject
Project("{9A19103F-16F7-4668-BE54-9A1E7A4F7556}") = "NSE.Core", "src\building blocks\NSE.Core\NSE.Core.csproj", "{2A6C7233-A240-4787-AA7F-8D0E873B9515}"
EndProject
Project("{2150E333-8FDC-42A3-9474-1A3956D46DE8}") = "Carrinho", "Carrinho", "{55B81F0D-E8D3-4846-BFB2-49479F967AD3}"
EndProject
Project("{9A19103F-16F7-4668-BE54-9A1E7A4F7556}") = "NSE.Carrinho.API", "src\services\NSE.Carrinho.API\NSE.Carrinho.API.csproj", "{ADD2D1F2-706B-4B4A-B92E-4B7B930A0F70}"
EndProject
Project("{2150E333-8FDC-42A3-9474-1A3956D46DE8}") = "Catalogo", "Catalogo", "{B7F34E87-3F98-456E-86A2-7F98F2FB535A}"
EndProject
Project("{9A19103F-16F7-4668-BE54-9A1E7A4F7556}") = "NSE.Catalogo.API", "src\services\NSE.Catalogo.API\NSE.Catalogo.API.csproj", "{885092A3-36A5-41EB-8D4C-F303154D6F32}"
EndProject
Project("{2150E333-8FDC-42A3-9474-1A3956D46DE8}") = "Cliente", "Cliente", "{B6A1442F-5851-4A47-800D-4ABE1807FE00}"
EndProject
Project("{2150E333-8FDC-42A3-9474-1A3956D46DE8}") = "Pagamento", "Pagamento", "{F13B0A00-5E46-4AA9-873B-E11F7742FF47}"
EndProject
Project("{2150E333-8FDC-42A3-9474-1A3956D46DE8}") = "Pedido", "Pedido", "{1794A9A6-6CEB-49BF-A568-A969A95336D4}"
EndProject
Project("{9A19103F-16F7-4668-BE54-9A1E7A4F7556}") = "NSE.Cliente.API", "src\services\NSE.Cliente.API\NSE.Cliente.API.csproj", "{B5FF1AFD-3D97-46F3-B241-2CAAFC30927D}"
EndProject
Project("{9A19103F-16F7-4668-BE54-9A1E7A4F7556}") = "NSE.Pagamento.API", "src\services\NSE.Pagamento.API\NSE.Pagamento.API.csproj", "{F43F49C7-5B38-4239-804C-288668C00809}"
EndProject
Project("{9A19103F-16F7-4668-BE54-9A1E7A4F7556}") = "NSE.Pedido.API", "src\services\NSE.Pedido.API\NSE.Pedido.API.csproj", "{4F07AB97-3E0B-490E-9D43-DBD9415BBB93}"
EndProject
Project("{2150E333-8FDC-42A3-9474-1A3956D46DE8}") = "Services", "Services", "{B078B8A5-69D0-4902-8531-4AC21AE283EE}"
EndProject
Project("{FAE04EC0-301F-11D3-BF4B-00C04F79EFBC}") = "NSE.WebAPI.Core", "src\building blocks\NSE.WebAPI.Core\NSE.WebAPI.Core.csproj", "{D4BD9F47-671D-4817-8570-D0E181DA80EC}"
EndProject
Global
	GlobalSection(SolutionConfigurationPlatforms) = preSolution
		Debug|Any CPU = Debug|Any CPU
		Release|Any CPU = Release|Any CPU
	EndGlobalSection
	GlobalSection(ProjectConfigurationPlatforms) = postSolution
		{190511C2-7EF2-485E-89B6-BC06387F8732}.Debug|Any CPU.ActiveCfg = Debug|Any CPU
		{190511C2-7EF2-485E-89B6-BC06387F8732}.Debug|Any CPU.Build.0 = Debug|Any CPU
		{190511C2-7EF2-485E-89B6-BC06387F8732}.Release|Any CPU.ActiveCfg = Release|Any CPU
		{190511C2-7EF2-485E-89B6-BC06387F8732}.Release|Any CPU.Build.0 = Release|Any CPU
		{1DBFE9D4-449D-4D1E-9301-96D2AD9380D2}.Debug|Any CPU.ActiveCfg = Debug|Any CPU
		{1DBFE9D4-449D-4D1E-9301-96D2AD9380D2}.Debug|Any CPU.Build.0 = Debug|Any CPU
		{1DBFE9D4-449D-4D1E-9301-96D2AD9380D2}.Release|Any CPU.ActiveCfg = Release|Any CPU
		{1DBFE9D4-449D-4D1E-9301-96D2AD9380D2}.Release|Any CPU.Build.0 = Release|Any CPU
		{2A6C7233-A240-4787-AA7F-8D0E873B9515}.Debug|Any CPU.ActiveCfg = Debug|Any CPU
		{2A6C7233-A240-4787-AA7F-8D0E873B9515}.Debug|Any CPU.Build.0 = Debug|Any CPU
		{2A6C7233-A240-4787-AA7F-8D0E873B9515}.Release|Any CPU.ActiveCfg = Release|Any CPU
		{2A6C7233-A240-4787-AA7F-8D0E873B9515}.Release|Any CPU.Build.0 = Release|Any CPU
		{ADD2D1F2-706B-4B4A-B92E-4B7B930A0F70}.Debug|Any CPU.ActiveCfg = Debug|Any CPU
		{ADD2D1F2-706B-4B4A-B92E-4B7B930A0F70}.Debug|Any CPU.Build.0 = Debug|Any CPU
		{ADD2D1F2-706B-4B4A-B92E-4B7B930A0F70}.Release|Any CPU.ActiveCfg = Release|Any CPU
		{ADD2D1F2-706B-4B4A-B92E-4B7B930A0F70}.Release|Any CPU.Build.0 = Release|Any CPU
		{885092A3-36A5-41EB-8D4C-F303154D6F32}.Debug|Any CPU.ActiveCfg = Debug|Any CPU
		{885092A3-36A5-41EB-8D4C-F303154D6F32}.Debug|Any CPU.Build.0 = Debug|Any CPU
		{885092A3-36A5-41EB-8D4C-F303154D6F32}.Release|Any CPU.ActiveCfg = Release|Any CPU
		{885092A3-36A5-41EB-8D4C-F303154D6F32}.Release|Any CPU.Build.0 = Release|Any CPU
		{B5FF1AFD-3D97-46F3-B241-2CAAFC30927D}.Debug|Any CPU.ActiveCfg = Debug|Any CPU
		{B5FF1AFD-3D97-46F3-B241-2CAAFC30927D}.Debug|Any CPU.Build.0 = Debug|Any CPU
		{B5FF1AFD-3D97-46F3-B241-2CAAFC30927D}.Release|Any CPU.ActiveCfg = Release|Any CPU
		{B5FF1AFD-3D97-46F3-B241-2CAAFC30927D}.Release|Any CPU.Build.0 = Release|Any CPU
		{F43F49C7-5B38-4239-804C-288668C00809}.Debug|Any CPU.ActiveCfg = Debug|Any CPU
		{F43F49C7-5B38-4239-804C-288668C00809}.Debug|Any CPU.Build.0 = Debug|Any CPU
		{F43F49C7-5B38-4239-804C-288668C00809}.Release|Any CPU.ActiveCfg = Release|Any CPU
		{F43F49C7-5B38-4239-804C-288668C00809}.Release|Any CPU.Build.0 = Release|Any CPU
		{4F07AB97-3E0B-490E-9D43-DBD9415BBB93}.Debug|Any CPU.ActiveCfg = Debug|Any CPU
		{4F07AB97-3E0B-490E-9D43-DBD9415BBB93}.Debug|Any CPU.Build.0 = Debug|Any CPU
		{4F07AB97-3E0B-490E-9D43-DBD9415BBB93}.Release|Any CPU.ActiveCfg = Release|Any CPU
		{4F07AB97-3E0B-490E-9D43-DBD9415BBB93}.Release|Any CPU.Build.0 = Release|Any CPU
		{D4BD9F47-671D-4817-8570-D0E181DA80EC}.Debug|Any CPU.ActiveCfg = Debug|Any CPU
		{D4BD9F47-671D-4817-8570-D0E181DA80EC}.Debug|Any CPU.Build.0 = Debug|Any CPU
		{D4BD9F47-671D-4817-8570-D0E181DA80EC}.Release|Any CPU.ActiveCfg = Release|Any CPU
		{D4BD9F47-671D-4817-8570-D0E181DA80EC}.Release|Any CPU.Build.0 = Release|Any CPU
	EndGlobalSection
	GlobalSection(SolutionProperties) = preSolution
		HideSolutionNode = FALSE
	EndGlobalSection
	GlobalSection(NestedProjects) = preSolution
		{FDADE814-C6B9-49A8-AB5C-E5EDD5A14A5E} = {E7D98109-4575-4469-B546-F942E5E798C3}
		{7619496C-D63A-4277-B3B8-CE30E6419988} = {E7D98109-4575-4469-B546-F942E5E798C3}
		{1243FF0B-CBA0-4C65-91C1-91B69BEC7084} = {E7D98109-4575-4469-B546-F942E5E798C3}
		{47E76F83-C3D1-48E6-8773-84C5C1BE9A94} = {7619496C-D63A-4277-B3B8-CE30E6419988}
		{190511C2-7EF2-485E-89B6-BC06387F8732} = {47E76F83-C3D1-48E6-8773-84C5C1BE9A94}
		{4290793B-4284-4E42-8E31-E2CA6AF5EC13} = {1243FF0B-CBA0-4C65-91C1-91B69BEC7084}
		{1DBFE9D4-449D-4D1E-9301-96D2AD9380D2} = {4290793B-4284-4E42-8E31-E2CA6AF5EC13}
		{1E6177EB-8638-4C4E-B264-914F5B4D8EA3} = {FDADE814-C6B9-49A8-AB5C-E5EDD5A14A5E}
		{2A6C7233-A240-4787-AA7F-8D0E873B9515} = {1E6177EB-8638-4C4E-B264-914F5B4D8EA3}
		{55B81F0D-E8D3-4846-BFB2-49479F967AD3} = {7619496C-D63A-4277-B3B8-CE30E6419988}
		{ADD2D1F2-706B-4B4A-B92E-4B7B930A0F70} = {55B81F0D-E8D3-4846-BFB2-49479F967AD3}
		{B7F34E87-3F98-456E-86A2-7F98F2FB535A} = {7619496C-D63A-4277-B3B8-CE30E6419988}
		{885092A3-36A5-41EB-8D4C-F303154D6F32} = {B7F34E87-3F98-456E-86A2-7F98F2FB535A}
		{B6A1442F-5851-4A47-800D-4ABE1807FE00} = {7619496C-D63A-4277-B3B8-CE30E6419988}
		{F13B0A00-5E46-4AA9-873B-E11F7742FF47} = {7619496C-D63A-4277-B3B8-CE30E6419988}
		{1794A9A6-6CEB-49BF-A568-A969A95336D4} = {7619496C-D63A-4277-B3B8-CE30E6419988}
		{B5FF1AFD-3D97-46F3-B241-2CAAFC30927D} = {B6A1442F-5851-4A47-800D-4ABE1807FE00}
		{F43F49C7-5B38-4239-804C-288668C00809} = {F13B0A00-5E46-4AA9-873B-E11F7742FF47}
		{4F07AB97-3E0B-490E-9D43-DBD9415BBB93} = {1794A9A6-6CEB-49BF-A568-A969A95336D4}
		{B078B8A5-69D0-4902-8531-4AC21AE283EE} = {FDADE814-C6B9-49A8-AB5C-E5EDD5A14A5E}
		{D4BD9F47-671D-4817-8570-D0E181DA80EC} = {B078B8A5-69D0-4902-8531-4AC21AE283EE}
	EndGlobalSection
	GlobalSection(ExtensibilityGlobals) = postSolution
		SolutionGuid = {97A0F429-C60B-453C-87AE-D05519333FDF}
	EndGlobalSection
EndGlobal
